
Microsoft Visual Studio Solution File, Format Version 12.00
# Visual Studio Version 16
VisualStudioVersion = 16.0.29613.14
MinimumVisualStudioVersion = 10.0.40219.1
Project("{FAE04EC0-301F-11D3-BF4B-00C04F79EFBC}") = "vrc2es(runway2runway)", "vrc2es(runway2runway)\vrc2es(runway2runway).csproj", "{8F7BABA2-C6E2-42CD-AF65-1255ED44E73C}"
EndProject
Global
	GlobalSection(SolutionConfigurationPlatforms) = preSolution
		Debug|Any CPU = Debug|Any CPU
		Release|Any CPU = Release|Any CPU
	EndGlobalSection
	GlobalSection(ProjectConfigurationPlatforms) = postSolution
		{8F7BABA2-C6E2-42CD-AF65-1255ED44E73C}.Debug|Any CPU.ActiveCfg = Debug|Any CPU
		{8F7BABA2-C6E2-42CD-AF65-1255ED44E73C}.Debug|Any CPU.Build.0 = Debug|Any CPU
		{8F7BABA2-C6E2-42CD-AF65-1255ED44E73C}.Release|Any CPU.ActiveCfg = Release|Any CPU
		{8F7BABA2-C6E2-42CD-AF65-1255ED44E73C}.Release|Any CPU.Build.0 = Release|Any CPU
	EndGlobalSection
	GlobalSection(SolutionProperties) = preSolution
		HideSolutionNode = FALSE
	EndGlobalSection
	GlobalSection(ExtensibilityGlobals) = postSolution
		SolutionGuid = {F59A3857-36DF-4AF7-92A8-C4A7CACABAAE}
	EndGlobalSection
EndGlobal
