
Microsoft Visual Studio Solution File, Format Version 12.00
# Visual Studio Version 16
VisualStudioVersion = 16.0.29613.14
MinimumVisualStudioVersion = 10.0.40219.1
Project("{FAE04EC0-301F-11D3-BF4B-00C04F79EFBC}") = "acars", "acars\acars.csproj", "{3E4CF469-8371-402D-BAFF-05F49A69F72F}"
EndProject
Global
	GlobalSection(SolutionConfigurationPlatforms) = preSolution
		Debug|Any CPU = Debug|Any CPU
		Release|Any CPU = Release|Any CPU
	EndGlobalSection
	GlobalSection(ProjectConfigurationPlatforms) = postSolution
		{3E4CF469-8371-402D-BAFF-05F49A69F72F}.Debug|Any CPU.ActiveCfg = Debug|Any CPU
		{3E4CF469-8371-402D-BAFF-05F49A69F72F}.Debug|Any CPU.Build.0 = Debug|Any CPU
		{3E4CF469-8371-402D-BAFF-05F49A69F72F}.Release|Any CPU.ActiveCfg = Release|Any CPU
		{3E4CF469-8371-402D-BAFF-05F49A69F72F}.Release|Any CPU.Build.0 = Release|Any CPU
	EndGlobalSection
	GlobalSection(SolutionProperties) = preSolution
		HideSolutionNode = FALSE
	EndGlobalSection
	GlobalSection(ExtensibilityGlobals) = postSolution
		SolutionGuid = {55D10794-EAD3-4744-8D3C-64A7A12C6F6A}
	EndGlobalSection
EndGlobal
